Microsoft Visual Studio Solution File, Format Version 12.00
# Visual Studio Version 17
VisualStudioVersion = 17.5.2.0
MinimumVisualStudioVersion = 10.0.40219.1
Project("{FAE04EC0-301F-11D3-BF4B-00C04F79EFBC}") = "YessGoFront", "YessGoFront.csproj", "{39EAB808-9B76-78CF-39EF-54000FD558AB}"
EndProject
Global
	GlobalSection(SolutionConfigurationPlatforms) = preSolution
		Debug|Any CPU = Debug|Any CPU
		Debug|ARM64 = Debug|ARM64
		Release|Any CPU = Release|Any CPU
		Release|ARM64 = Release|ARM64
	EndGlobalSection
	GlobalSection(ProjectConfigurationPlatforms) = postSolution
		{39EAB808-9B76-78CF-39EF-54000FD558AB}.Debug|Any CPU.ActiveCfg = Debug|Any CPU
		{39EAB808-9B76-78CF-39EF-54000FD558AB}.Debug|Any CPU.Build.0 = Debug|Any CPU
		{39EAB808-9B76-78CF-39EF-54000FD558AB}.Debug|Any CPU.Deploy.0 = Debug|Any CPU
		{39EAB808-9B76-78CF-39EF-54000FD558AB}.Debug|ARM64.ActiveCfg = Debug|ARM64
		{39EAB808-9B76-78CF-39EF-54000FD558AB}.Debug|ARM64.Build.0 = Debug|ARM64
		{39EAB808-9B76-78CF-39EF-54000FD558AB}.Debug|ARM64.Deploy.0 = Debug|ARM64
		{39EAB808-9B76-78CF-39EF-54000FD558AB}.Release|Any CPU.ActiveCfg = Release|Any CPU
		{39EAB808-9B76-78CF-39EF-54000FD558AB}.Release|Any CPU.Build.0 = Release|Any CPU
		{39EAB808-9B76-78CF-39EF-54000FD558AB}.Release|Any CPU.Deploy.0 = Release|Any CPU
		{39EAB808-9B76-78CF-39EF-54000FD558AB}.Release|ARM64.ActiveCfg = Release|ARM64
		{39EAB808-9B76-78CF-39EF-54000FD558AB}.Release|ARM64.Build.0 = Release|ARM64
		{39EAB808-9B76-78CF-39EF-54000FD558AB}.Release|ARM64.Deploy.0 = Release|ARM64
	EndGlobalSection
	GlobalSection(SolutionProperties) = preSolution
		HideSolutionNode = FALSE
	EndGlobalSection
	GlobalSection(ExtensibilityGlobals) = postSolution
		SolutionGuid = {6BB0049D-C0AD-490E-8853-15BCD0A4C14F}
	EndGlobalSection
EndGlobal
